
Microsoft Visual Studio Solution File, Format Version 12.00
# Visual Studio Version 17
VisualStudioVersion = 17.0.32014.148
MinimumVisualStudioVersion = 10.0.40219.1
Project("{9A19103F-16F7-4668-BE54-9A1E7A4F7556}") = "MyBikesFactory.Business", "MyBikesFactory.Business\MyBikesFactory.Business.csproj", "{FFDA471F-5EDE-42FE-9EC4-049D5D0F4534}"
EndProject
Project("{9A19103F-16F7-4668-BE54-9A1E7A4F7556}") = "MyBikesFactory.Data", "MyBikesFactory.Data\MyBikesFactory.Data.csproj", "{F3B7F91A-232D-4E14-B9B3-86473F351FAC}"
EndProject
Project("{FAE04EC0-301F-11D3-BF4B-00C04F79EFBC}") = "MyBikesFactory.UI", "MyBikesFactory.UI\MyBikesFactory.UI.csproj", "{330C1D8F-A817-4F82-B5B2-40DDCDBF8725}"
EndProject
Global
	GlobalSection(SolutionConfigurationPlatforms) = preSolution
		Debug|Any CPU = Debug|Any CPU
		Release|Any CPU = Release|Any CPU
	EndGlobalSection
	GlobalSection(ProjectConfigurationPlatforms) = postSolution
		{FFDA471F-5EDE-42FE-9EC4-049D5D0F4534}.Debug|Any CPU.ActiveCfg = Debug|Any CPU
		{FFDA471F-5EDE-42FE-9EC4-049D5D0F4534}.Debug|Any CPU.Build.0 = Debug|Any CPU
		{FFDA471F-5EDE-42FE-9EC4-049D5D0F4534}.Release|Any CPU.ActiveCfg = Release|Any CPU
		{FFDA471F-5EDE-42FE-9EC4-049D5D0F4534}.Release|Any CPU.Build.0 = Release|Any CPU
		{F3B7F91A-232D-4E14-B9B3-86473F351FAC}.Debug|Any CPU.ActiveCfg = Debug|Any CPU
		{F3B7F91A-232D-4E14-B9B3-86473F351FAC}.Debug|Any CPU.Build.0 = Debug|Any CPU
		{F3B7F91A-232D-4E14-B9B3-86473F351FAC}.Release|Any CPU.ActiveCfg = Release|Any CPU
		{F3B7F91A-232D-4E14-B9B3-86473F351FAC}.Release|Any CPU.Build.0 = Release|Any CPU
		{330C1D8F-A817-4F82-B5B2-40DDCDBF8725}.Debug|Any CPU.ActiveCfg = Debug|Any CPU
		{330C1D8F-A817-4F82-B5B2-40DDCDBF8725}.Debug|Any CPU.Build.0 = Debug|Any CPU
		{330C1D8F-A817-4F82-B5B2-40DDCDBF8725}.Release|Any CPU.ActiveCfg = Release|Any CPU
		{330C1D8F-A817-4F82-B5B2-40DDCDBF8725}.Release|Any CPU.Build.0 = Release|Any CPU
	EndGlobalSection
	GlobalSection(SolutionProperties) = preSolution
		HideSolutionNode = FALSE
	EndGlobalSection
	GlobalSection(ExtensibilityGlobals) = postSolution
		SolutionGuid = {6C1A35C4-24B1-4B24-A271-EF810A14CE86}
	EndGlobalSection
EndGlobal
